<mxfile host="app.diagrams.net" modified="2022-02-21T00:17:50.694Z" agent="5.0 (Windows NT 10.0; Win64; x64) AppleWebKit/537.36 (KHTML, like Gecko) Chrome/98.0.4758.102 Safari/537.36" etag="CCw2M8CRQkf9l_JAzPqZ" version="16.6.1" type="device"><diagram id="C5RBs43oDa-KdzZeNtuy" name="Page-1">7VvZcqM4FP0aV00/OMXiLY+2s3Um3ZNuZ5KZeZNBxhrLyAHhJV/fVyCwQV4gMe3EcVWqG12EEDpH0rkHXDG74/m1hybDb8zGtGJo9rxiXlQM47zZgH9FYBEFGvp5FHA8YkchfRnokRcsg5qMBsTGfqoiZ4xyMkkHLea62OKpGPI8NktXGzCavusEOVgJ9CxE1egTsfkwiraM5jJ+g4kzjO+sN+TzjVFcWT6JP0Q2m62EzMuK2fUY49HReN7FVIxdPC5PXxdP9G7UuL794T+jvzt/Pnx/rEaNXRW5JHkED7v81U2/jAZXN4+1//+Z3F/9mGnX7f5tVV6iTREN5HgxOpePyxfxGPozMqbIhVJnwFzek2dgBDqIEseFYwu6hj0ITLHHCQx/W57gbAJRa0iofYcWLBAP4HNkjeJSZ8g88gLNIgqndAjAaY9LJhmNVI2euBLCGkQ97EOd+3hU9CR0h3wu61iMUjTxST/ssKgyRp5D3A7jnI3jhljg2tiWpQTmsMA9NkqII67PiYXETIwGnq8wUWJzjdkYc28BVeTZZMIsYiLK8mzJWr0hY8NVxpotOVvkTHGStpPb/YSZhVwHBmF5PzNzv1rO+xmN9O0QBeBdxHFHDKO/ykE4WHnUZShkZgGWGgpLrSEjVsVsEwBBdMjUtRCb9YcZOgMifIW6FA/4RuL6E2QR17kL61zUlpGfckREiMG1AxqSZkhsG7shqTjiKOKd6MWEQV/DIat34A8Gtqud1St16FAXyvqyDH+iuse7zAX+IRISDQOpZ1gQextfh3xM5aFK1K0rwG6iLtL4F+XJKi1TBCnKBlNhw5R4PEDiwimDSw2NEp//8QUOwvPaiQV7Z0HdODAL6ut2LoH5kcFcFoDN1oEBrCkAKthREmoOSWd97X68A9gxQCSai5F8EEBfVHUFbVNF21yDLEV9TO+ZTzhhon0vqptB/FCg6lotH6pbJENeUB8tFtxy5/n25vk/82Fk/TuZTtfoSdiIKY/G1k2h23gOhHLuiAlalSi2xdot8EjOwpEj/heTO9zstfmXuEnoYdRqVGXT1F+hz061mtAlVJIbZ7TAFwWc+ZFIXTKzyyiDdi9cFqllQmkmtAHSvGzYDL2ed0XWSprQDQX7Hg9s8Uw58wntlE/sL5/QjbS+Nxvl5hN6Jp8wW+83n2huZqr2PRj3gXifVEY0ctPsvWQDLQXLNvRemEKG9g15o6NDcq+6vzDeB9f95yfZuHdQ8+YCe1CNazusq7LxKyz82iWgEW61hvbARNn1mGjtyGb0qgaqlYVx69ALta4rIF9jseP28Ji4yBOAP6ARDPax4VsWpPklf2mYqs6sgh527bZ4jwOlPmVCbXcgJOV4aNBC8YrQeOfaoZfT2x+2HRxPHUz7bHa5DHTCAJyImVJYbfss8Cy8GzLILxycI5EXvd0K7DogPUwRJ9P066wt2vyeyTxZYq+ldbmhmekmooeUV62+PyraUDQKSkP7Eu266vvee2yAfZ+pcv2UYZafYZrZjC9vhtnc4kBsTjDNWo4Es/k+EkxdNTd7iCK54n7CvS2ZvB8nsdTVNwwKep890ygOa978sbRUQ3UpP5ViiRF715Il8ymE2XylZDEzDRnNTF/Kliyq0di2bdjy/ZNgOYBgqWutFB0Si3znHqNv2WQ2K5Z6/eN8YqOrPmqPexirL28+i2Jp5qbXu1EsqjfaJfz4NOdeHfDiOB/cAjdUuxQWbY5PQO8X6IN/ImOolikoex5+6dZl9gnwPQOe+/OZ8hBXDdUujAk/Qufg0FibrxRj+8NaNTQVkD+9wVAc13pOGVaWw2Co3t8jQGQf4wZdHoqNg6/Eqv33V8AngbAX2uJd5Z2YBydEcyN6fvD1tpj1xybhWBcz9xJfUD+81SfHdqfTF2O50+qTOAsqrdoaNdmhN7p+yfuchDBGuom8rl+9tqOhDa6f0lA1+8Yp0w4bDHxcinFoqMahdnYWA7+ka/Yr5R3LTl9actEe3kHWyAn5m/1qWRiQ0u028q8J8fySv+SU3aokHxznN+qqb2RUTMzfBpdqnuXHKtZPHxWs/cz++Jvc3w6d6plReAqxwaON3ueKHN/9O4E8Dn6i0bdjXchFfyMx1vxCYT1X8u8T5/thipl28eNF+i1cgeLyd9xR9eWP4c3LXw==</diagram></mxfile>