
Microsoft Visual Studio Solution File, Format Version 12.00
# Visual Studio Version 17
VisualStudioVersion = 17.0.32014.148
MinimumVisualStudioVersion = 10.0.40219.1
Project("{8BC9CEB8-8B4A-11D0-8D11-00A0C91BC942}") = "olx project", "olx project\olx project.vcxproj", "{C7B3FA8F-B57B-46DC-B15C-2F8EA30202AC}"
EndProject
Global
	GlobalSection(SolutionConfigurationPlatforms) = preSolution
		Debug|x64 = Debug|x64
		Debug|x86 = Debug|x86
		Release|x64 = Release|x64
		Release|x86 = Release|x86
	EndGlobalSection
	GlobalSection(ProjectConfigurationPlatforms) = postSolution
		{C7B3FA8F-B57B-46DC-B15C-2F8EA30202AC}.Debug|x64.ActiveCfg = Debug|x64
		{C7B3FA8F-B57B-46DC-B15C-2F8EA30202AC}.Debug|x64.Build.0 = Debug|x64
		{C7B3FA8F-B57B-46DC-B15C-2F8EA30202AC}.Debug|x86.ActiveCfg = Debug|Win32
		{C7B3FA8F-B57B-46DC-B15C-2F8EA30202AC}.Debug|x86.Build.0 = Debug|Win32
		{C7B3FA8F-B57B-46DC-B15C-2F8EA30202AC}.Release|x64.ActiveCfg = Release|x64
		{C7B3FA8F-B57B-46DC-B15C-2F8EA30202AC}.Release|x64.Build.0 = Release|x64
		{C7B3FA8F-B57B-46DC-B15C-2F8EA30202AC}.Release|x86.ActiveCfg = Release|Win32
		{C7B3FA8F-B57B-46DC-B15C-2F8EA30202AC}.Release|x86.Build.0 = Release|Win32
	EndGlobalSection
	GlobalSection(SolutionProperties) = preSolution
		HideSolutionNode = FALSE
	EndGlobalSection
	GlobalSection(ExtensibilityGlobals) = postSolution
		SolutionGuid = {0FDC6763-2542-48EA-91D5-98E147C3F391}
	EndGlobalSection
EndGlobal
